<?xml version="1.0" encoding="utf-8"?>
<Project ToolsVersion="4.0" xmlns="http://schemas.microsoft.com/developer/msbuild/2003">
  <ItemGroup>
    <Filter Include="include">
      <UniqueIdentifier>{93995380-89BD-4b04-88EB-625FBE52EBFB}</UniqueIdentifier>
      <Extensions>h;hh;hpp;hxx;h++;hm;inl;inc;ipp;xsd</Extensions>
    </Filter>
    <Filter Include="include\Gandr">
      <UniqueIdentifier>{b9e634b3-097c-4e20-82fb-f2cd7bb89d49}</UniqueIdentifier>
    </Filter>
    <Filter Include="src">
      <UniqueIdentifier>{4FC737F1-C7A5-4376-A066-2A32D752A2FF}</UniqueIdentifier>
      <Extensions>cpp;c;cc;cxx;c++;def;odl;idl;hpj;bat;asm;asmx</Extensions>
    </Filter>
  </ItemGroup>
  <ItemGroup>
    <ClCompile Include="src\Gandr\ProcessList.cpp">
      <Filter>src</Filter>
    </ClCompile>
    <ClCompile Include="src\Gandr\Breakpoint.cpp">
      <Filter>src</Filter>
    </ClCompile>
    <ClCompile Include="src\Gandr\Buffer.cpp">
      <Filter>src</Filter>
    </ClCompile>
    <ClCompile Include="src\Gandr\Debugger.cpp">
      <Filter>src</Filter>
    </ClCompile>
    <ClCompile Include="src\Gandr\DebugSession.cpp">
      <Filter>src</Filter>
    </ClCompile>
    <ClCompile Include="src\Gandr\DllInjector.cpp">
      <Filter>src</Filter>
    </ClCompile>
    <ClCompile Include="src\Gandr\DllPreloadDebugSession.cpp">
      <Filter>src</Filter>
    </ClCompile>
    <ClCompile Include="src\Gandr\DllLookup.cpp">
      <Filter>src</Filter>
    </ClCompile>
    <ClCompile Include="src\Gandr\Hash.cpp">
      <Filter>src</Filter>
    </ClCompile>
    <ClCompile Include="src\Gandr\Hook.cpp">
      <Filter>src</Filter>
    </ClCompile>
    <ClCompile Include="src\Gandr\InstructionDecoder.cpp">
      <Filter>src</Filter>
    </ClCompile>
    <ClCompile Include="src\Gandr\ModuleList.cpp">
      <Filter>src</Filter>
    </ClCompile>
    <ClCompile Include="src\Gandr\Handle.cpp">
      <Filter>src</Filter>
    </ClCompile>
    <ClCompile Include="src\Gandr\PE.cpp">
      <Filter>src</Filter>
    </ClCompile>
    <ClCompile Include="src\Gandr\Memory.cpp">
      <Filter>src</Filter>
    </ClCompile>
  </ItemGroup>
  <ItemGroup>
    <ClInclude Include="include\Gandr.hpp">
      <Filter>include</Filter>
    </ClInclude>
    <ClInclude Include="include\Gandr\Breakpoint.hpp">
      <Filter>include\Gandr</Filter>
    </ClInclude>
    <ClInclude Include="include\Gandr\Buffer.hpp">
      <Filter>include\Gandr</Filter>
    </ClInclude>
    <ClInclude Include="include\Gandr\Debugger.hpp">
      <Filter>include\Gandr</Filter>
    </ClInclude>
    <ClInclude Include="include\Gandr\DebugSession.hpp">
      <Filter>include\Gandr</Filter>
    </ClInclude>
    <ClInclude Include="include\Gandr\DllInjector.hpp">
      <Filter>include\Gandr</Filter>
    </ClInclude>
    <ClInclude Include="include\Gandr\DllLookup.hpp">
      <Filter>include\Gandr</Filter>
    </ClInclude>
    <ClInclude Include="include\Gandr\DllPreloadDebugSession.hpp">
      <Filter>include\Gandr</Filter>
    </ClInclude>
    <ClInclude Include="include\Gandr\Handle.hpp">
      <Filter>include\Gandr</Filter>
    </ClInclude>
    <ClInclude Include="include\Gandr\Hash.hpp">
      <Filter>include\Gandr</Filter>
    </ClInclude>
    <ClInclude Include="include\Gandr\Hook.hpp">
      <Filter>include\Gandr</Filter>
    </ClInclude>
    <ClInclude Include="include\Gandr\InstructionDecoder.hpp">
      <Filter>include\Gandr</Filter>
    </ClInclude>
    <ClInclude Include="include\Gandr\Memory.hpp">
      <Filter>include\Gandr</Filter>
    </ClInclude>
    <ClInclude Include="include\Gandr\ModuleList.hpp">
      <Filter>include\Gandr</Filter>
    </ClInclude>
    <ClInclude Include="include\Gandr\Mutex.hpp">
      <Filter>include\Gandr</Filter>
    </ClInclude>
    <ClInclude Include="include\Gandr\PE.hpp">
      <Filter>include\Gandr</Filter>
    </ClInclude>
    <ClInclude Include="include\Gandr\ProcessList.hpp">
      <Filter>include\Gandr</Filter>
    </ClInclude>
    <ClInclude Include="include\Gandr\Types.hpp">
      <Filter>include\Gandr</Filter>
    </ClInclude>
  </ItemGroup>
</Project>